
Microsoft Visual Studio Solution File, Format Version 12.00
# Visual Studio Version 17
VisualStudioVersion = 17.14.36518.9 d17.14
MinimumVisualStudioVersion = 10.0.40219.1
Project("{FAE04EC0-301F-11D3-BF4B-00C04F79EFBC}") = "remoteServer", "remoteServer\remoteServer.csproj", "{8A04D7AA-E5C2-43FE-9E74-67C1F81DF7B2}"
EndProject
Global
	GlobalSection(SolutionConfigurationPlatforms) = preSolution
		Debug|Any CPU = Debug|Any CPU
		Release|Any CPU = Release|Any CPU
	EndGlobalSection
	GlobalSection(ProjectConfigurationPlatforms) = postSolution
		{8A04D7AA-E5C2-43FE-9E74-67C1F81DF7B2}.Debug|Any CPU.ActiveCfg = Debug|Any CPU
		{8A04D7AA-E5C2-43FE-9E74-67C1F81DF7B2}.Debug|Any CPU.Build.0 = Debug|Any CPU
		{8A04D7AA-E5C2-43FE-9E74-67C1F81DF7B2}.Release|Any CPU.ActiveCfg = Release|Any CPU
		{8A04D7AA-E5C2-43FE-9E74-67C1F81DF7B2}.Release|Any CPU.Build.0 = Release|Any CPU
	EndGlobalSection
	GlobalSection(SolutionProperties) = preSolution
		HideSolutionNode = FALSE
	EndGlobalSection
	GlobalSection(ExtensibilityGlobals) = postSolution
		SolutionGuid = {E3881E1E-1D02-4245-ADA5-127B2E7B3A26}
	EndGlobalSection
EndGlobal
